
Microsoft Visual Studio Solution File, Format Version 11.00
# Visual Studio 2010
Project("{FAE04EC0-301F-11D3-BF4B-00C04F79EFBC}") = "Assembly-CSharp", "Assembly-CSharp.csproj", "{268b0ff3-a63c-db18-a5a5-8674c014d82b}"
EndProject
Project("{FAE04EC0-301F-11D3-BF4B-00C04F79EFBC}") = "Assembly-CSharp-Editor", "Assembly-CSharp-Editor.csproj", "{7bdab57f-c892-cea9-a4c8-acee19575f54}"
EndProject
Global
	GlobalSection(SolutionConfigurationPlatforms) = preSolution
		Debug|Any CPU = Debug|Any CPU
	EndGlobalSection
	GlobalSection(ProjectConfigurationPlatforms) = postSolution
		{268b0ff3-a63c-db18-a5a5-8674c014d82b}.Debug|Any CPU.ActiveCfg = Debug|Any CPU
		{268b0ff3-a63c-db18-a5a5-8674c014d82b}.Debug|Any CPU.Build.0 = Debug|Any CPU
		{7bdab57f-c892-cea9-a4c8-acee19575f54}.Debug|Any CPU.ActiveCfg = Debug|Any CPU
		{7bdab57f-c892-cea9-a4c8-acee19575f54}.Debug|Any CPU.Build.0 = Debug|Any CPU
	EndGlobalSection
	GlobalSection(SolutionProperties) = preSolution
		HideSolutionNode = FALSE
	EndGlobalSection
EndGlobal
